
Microsoft Visual Studio Solution File, Format Version 12.00
# Visual Studio 15
VisualStudioVersion = 15.0.26730.3
MinimumVisualStudioVersion = 10.0.40219.1
Project("{2150E333-8FDC-42A3-9474-1A3956D46DE8}") = "Business", "Business", "{F5838E17-5A34-438B-8DCC-82CB927E078E}"
EndProject
Project("{2150E333-8FDC-42A3-9474-1A3956D46DE8}") = "Client", "Client", "{C540881F-F3C3-4623-9ABA-B7E1CA38937E}"
EndProject
Project("{2150E333-8FDC-42A3-9474-1A3956D46DE8}") = "Core", "Core", "{EE6AA371-0071-44C5-9A08-547E134E6495}"
EndProject
Project("{2150E333-8FDC-42A3-9474-1A3956D46DE8}") = "Tests", "Tests", "{E809D12D-D155-4ABF-8537-4A44D03DAEB4}"
EndProject
Project("{FAE04EC0-301F-11D3-BF4B-00C04F79EFBC}") = "CarRental.Business.Entities", "Business\CarRental.Business.Entities\CarRental.Business.Entities.csproj", "{1B49CAC1-ABA4-48D5-8CE8-D5A71E1783D6}"
EndProject
Project("{FAE04EC0-301F-11D3-BF4B-00C04F79EFBC}") = "CarRental.Client.Entities", "Client\CarRental.Client.Entities\CarRental.Client.Entities.csproj", "{CC61D759-2EAD-4A04-89DD-2992F109B263}"
EndProject
Global
	GlobalSection(SolutionConfigurationPlatforms) = preSolution
		Debug|Any CPU = Debug|Any CPU
		Release|Any CPU = Release|Any CPU
	EndGlobalSection
	GlobalSection(ProjectConfigurationPlatforms) = postSolution
		{1B49CAC1-ABA4-48D5-8CE8-D5A71E1783D6}.Debug|Any CPU.ActiveCfg = Debug|Any CPU
		{1B49CAC1-ABA4-48D5-8CE8-D5A71E1783D6}.Debug|Any CPU.Build.0 = Debug|Any CPU
		{1B49CAC1-ABA4-48D5-8CE8-D5A71E1783D6}.Release|Any CPU.ActiveCfg = Release|Any CPU
		{1B49CAC1-ABA4-48D5-8CE8-D5A71E1783D6}.Release|Any CPU.Build.0 = Release|Any CPU
		{CC61D759-2EAD-4A04-89DD-2992F109B263}.Debug|Any CPU.ActiveCfg = Debug|Any CPU
		{CC61D759-2EAD-4A04-89DD-2992F109B263}.Debug|Any CPU.Build.0 = Debug|Any CPU
		{CC61D759-2EAD-4A04-89DD-2992F109B263}.Release|Any CPU.ActiveCfg = Release|Any CPU
		{CC61D759-2EAD-4A04-89DD-2992F109B263}.Release|Any CPU.Build.0 = Release|Any CPU
	EndGlobalSection
	GlobalSection(SolutionProperties) = preSolution
		HideSolutionNode = FALSE
	EndGlobalSection
	GlobalSection(NestedProjects) = preSolution
		{1B49CAC1-ABA4-48D5-8CE8-D5A71E1783D6} = {F5838E17-5A34-438B-8DCC-82CB927E078E}
		{CC61D759-2EAD-4A04-89DD-2992F109B263} = {C540881F-F3C3-4623-9ABA-B7E1CA38937E}
	EndGlobalSection
	GlobalSection(ExtensibilityGlobals) = postSolution
		SolutionGuid = {7C74503A-B2C8-4071-9F94-C6D54B56BA52}
	EndGlobalSection
EndGlobal
